
Microsoft Visual Studio Solution File, Format Version 12.00
# Visual Studio Version 16
VisualStudioVersion = 16.0.30413.136
MinimumVisualStudioVersion = 10.0.40219.1
Project("{FAE04EC0-301F-11D3-BF4B-00C04F79EFBC}") = "Lab1", "Lab1\Lab1.csproj", "{FBBFCBF7-87CA-4F50-8549-9F70C8C506EB}"
EndProject
Global
	GlobalSection(SolutionConfigurationPlatforms) = preSolution
		Debug|Any CPU = Debug|Any CPU
		Release|Any CPU = Release|Any CPU
	EndGlobalSection
	GlobalSection(ProjectConfigurationPlatforms) = postSolution
		{FBBFCBF7-87CA-4F50-8549-9F70C8C506EB}.Debug|Any CPU.ActiveCfg = Debug|Any CPU
		{FBBFCBF7-87CA-4F50-8549-9F70C8C506EB}.Debug|Any CPU.Build.0 = Debug|Any CPU
		{FBBFCBF7-87CA-4F50-8549-9F70C8C506EB}.Release|Any CPU.ActiveCfg = Release|Any CPU
		{FBBFCBF7-87CA-4F50-8549-9F70C8C506EB}.Release|Any CPU.Build.0 = Release|Any CPU
	EndGlobalSection
	GlobalSection(SolutionProperties) = preSolution
		HideSolutionNode = FALSE
	EndGlobalSection
	GlobalSection(ExtensibilityGlobals) = postSolution
		SolutionGuid = {DF081D47-733D-4F05-83FF-138B391E0610}
	EndGlobalSection
EndGlobal
